
Microsoft Visual Studio Solution File, Format Version 12.00
# Visual Studio Version 16
VisualStudioVersion = 16.0.29519.87
MinimumVisualStudioVersion = 10.0.40219.1
Project("{FAE04EC0-301F-11D3-BF4B-00C04F79EFBC}") = "ApiSimpleApp", "ApiSimpleApp\ApiSimpleApp.csproj", "{478A22C2-6303-4DAB-ACBF-E52C8D639158}"
EndProject
Global
	GlobalSection(SolutionConfigurationPlatforms) = preSolution
		Debug|Any CPU = Debug|Any CPU
		Release|Any CPU = Release|Any CPU
	EndGlobalSection
	GlobalSection(ProjectConfigurationPlatforms) = postSolution
		{478A22C2-6303-4DAB-ACBF-E52C8D639158}.Debug|Any CPU.ActiveCfg = Debug|Any CPU
		{478A22C2-6303-4DAB-ACBF-E52C8D639158}.Debug|Any CPU.Build.0 = Debug|Any CPU
		{478A22C2-6303-4DAB-ACBF-E52C8D639158}.Release|Any CPU.ActiveCfg = Release|Any CPU
		{478A22C2-6303-4DAB-ACBF-E52C8D639158}.Release|Any CPU.Build.0 = Release|Any CPU
	EndGlobalSection
	GlobalSection(SolutionProperties) = preSolution
		HideSolutionNode = FALSE
	EndGlobalSection
	GlobalSection(ExtensibilityGlobals) = postSolution
		SolutionGuid = {82773483-B647-4D5F-B945-EB55566223F5}
	EndGlobalSection
EndGlobal
